Microsoft Visual Studio Solution File, Format Version 12.00
# Visual Studio Version 17
VisualStudioVersion = 17.5.2.0
MinimumVisualStudioVersion = 10.0.40219.1
Project("{2150E333-8FDC-42A3-9474-1A3956D46DE8}") = "03_GUI_Builder_dan_GitHub", "03_GUI_Builder_dan_GitHub", "{CAE8044F-BD80-4C4F-1FE9-04FC490E99D8}"
EndProject
Project("{2150E333-8FDC-42A3-9474-1A3956D46DE8}") = "05_Generics", "05_Generics", "{770C0A9B-A362-C4FF-C92D-B46F8E898C08}"
EndProject
Project("{FAE04EC0-301F-11D3-BF4B-00C04F79EFBC}") = "JURNALMODUL3_2311104061", "03_GUI_Builder_dan_GitHub\JURNALMODUL3_2311104061\JURNALMODUL3_2311104061.csproj", "{B01F7046-125B-ED87-545D-ACF7A6717E01}"
EndProject
Project("{FAE04EC0-301F-11D3-BF4B-00C04F79EFBC}") = "TPMODUL3__2311104061", "03_GUI_Builder_dan_GitHub\TPMODUL3__2311104061\TPMODUL3__2311104061.csproj", "{C0253F15-55C1-C958-4D62-A6B51037FB52}"
EndProject
Project("{FAE04EC0-301F-11D3-BF4B-00C04F79EFBC}") = "PRAKTIKUMMODUL5", "05_Generics\PRAKTIKUMMODUL5\PRAKTIKUMMODUL5.csproj", "{31F44361-892B-5331-5458-99B8F5755939}"
EndProject
Global
	GlobalSection(SolutionConfigurationPlatforms) = preSolution
		Debug|Any CPU = Debug|Any CPU
		Release|Any CPU = Release|Any CPU
	EndGlobalSection
	GlobalSection(ProjectConfigurationPlatforms) = postSolution
		{B01F7046-125B-ED87-545D-ACF7A6717E01}.Debug|Any CPU.ActiveCfg = Debug|Any CPU
		{B01F7046-125B-ED87-545D-ACF7A6717E01}.Debug|Any CPU.Build.0 = Debug|Any CPU
		{B01F7046-125B-ED87-545D-ACF7A6717E01}.Release|Any CPU.ActiveCfg = Release|Any CPU
		{B01F7046-125B-ED87-545D-ACF7A6717E01}.Release|Any CPU.Build.0 = Release|Any CPU
		{C0253F15-55C1-C958-4D62-A6B51037FB52}.Debug|Any CPU.ActiveCfg = Debug|Any CPU
		{C0253F15-55C1-C958-4D62-A6B51037FB52}.Debug|Any CPU.Build.0 = Debug|Any CPU
		{C0253F15-55C1-C958-4D62-A6B51037FB52}.Release|Any CPU.ActiveCfg = Release|Any CPU
		{C0253F15-55C1-C958-4D62-A6B51037FB52}.Release|Any CPU.Build.0 = Release|Any CPU
		{31F44361-892B-5331-5458-99B8F5755939}.Debug|Any CPU.ActiveCfg = Debug|Any CPU
		{31F44361-892B-5331-5458-99B8F5755939}.Debug|Any CPU.Build.0 = Debug|Any CPU
		{31F44361-892B-5331-5458-99B8F5755939}.Release|Any CPU.ActiveCfg = Release|Any CPU
		{31F44361-892B-5331-5458-99B8F5755939}.Release|Any CPU.Build.0 = Release|Any CPU
	EndGlobalSection
	GlobalSection(SolutionProperties) = preSolution
		HideSolutionNode = FALSE
	EndGlobalSection
	GlobalSection(NestedProjects) = preSolution
		{B01F7046-125B-ED87-545D-ACF7A6717E01} = {CAE8044F-BD80-4C4F-1FE9-04FC490E99D8}
		{C0253F15-55C1-C958-4D62-A6B51037FB52} = {CAE8044F-BD80-4C4F-1FE9-04FC490E99D8}
		{31F44361-892B-5331-5458-99B8F5755939} = {770C0A9B-A362-C4FF-C92D-B46F8E898C08}
	EndGlobalSection
	GlobalSection(ExtensibilityGlobals) = postSolution
		SolutionGuid = {1941CC99-2B4E-411D-8F0D-7BC5C5D35205}
	EndGlobalSection
EndGlobal
