
Microsoft Visual Studio Solution File, Format Version 12.00
# Visual Studio Version 17
VisualStudioVersion = 17.13.35806.99 d17.13
MinimumVisualStudioVersion = 10.0.40219.1
Project("{FAE04EC0-301F-11D3-BF4B-00C04F79EFBC}") = "JURNALMODUL12_2311104061", "JURNALMODUL12_2311104061\JURNALMODUL12_2311104061.csproj", "{5A21FE3A-8B05-42F3-9B1B-FF94ADADDBF4}"
EndProject
Project("{FAE04EC0-301F-11D3-BF4B-00C04F79EFBC}") = "UnitTestProject", "UnitTestProject\UnitTestProject.csproj", "{3C84298F-99B1-4773-A835-80ABFA73C1A5}"
EndProject
Global
	GlobalSection(SolutionConfigurationPlatforms) = preSolution
		Debug|Any CPU = Debug|Any CPU
		Release|Any CPU = Release|Any CPU
	EndGlobalSection
	GlobalSection(ProjectConfigurationPlatforms) = postSolution
		{5A21FE3A-8B05-42F3-9B1B-FF94ADADDBF4}.Debug|Any CPU.ActiveCfg = Debug|Any CPU
		{5A21FE3A-8B05-42F3-9B1B-FF94ADADDBF4}.Debug|Any CPU.Build.0 = Debug|Any CPU
		{5A21FE3A-8B05-42F3-9B1B-FF94ADADDBF4}.Release|Any CPU.ActiveCfg = Release|Any CPU
		{5A21FE3A-8B05-42F3-9B1B-FF94ADADDBF4}.Release|Any CPU.Build.0 = Release|Any CPU
		{3C84298F-99B1-4773-A835-80ABFA73C1A5}.Debug|Any CPU.ActiveCfg = Debug|Any CPU
		{3C84298F-99B1-4773-A835-80ABFA73C1A5}.Debug|Any CPU.Build.0 = Debug|Any CPU
		{3C84298F-99B1-4773-A835-80ABFA73C1A5}.Release|Any CPU.ActiveCfg = Release|Any CPU
		{3C84298F-99B1-4773-A835-80ABFA73C1A5}.Release|Any CPU.Build.0 = Release|Any CPU
	EndGlobalSection
	GlobalSection(SolutionProperties) = preSolution
		HideSolutionNode = FALSE
	EndGlobalSection
	GlobalSection(ExtensibilityGlobals) = postSolution
		SolutionGuid = {B47646D5-5283-409F-84DE-E7842C28EC27}
	EndGlobalSection
EndGlobal
