
Microsoft Visual Studio Solution File, Format Version 12.00
# Visual Studio Version 17
VisualStudioVersion = 17.13.35806.99 d17.13
MinimumVisualStudioVersion = 10.0.40219.1
Project("{FAE04EC0-301F-11D3-BF4B-00C04F79EFBC}") = "JURNALMODUL14_2311104061", "JURNALMODUL14_2311104061\JURNALMODUL14_2311104061.csproj", "{00D18292-E8CE-4C67-A9F6-FADF53CB606B}"
EndProject
Global
	GlobalSection(SolutionConfigurationPlatforms) = preSolution
		Debug|Any CPU = Debug|Any CPU
		Release|Any CPU = Release|Any CPU
	EndGlobalSection
	GlobalSection(ProjectConfigurationPlatforms) = postSolution
		{00D18292-E8CE-4C67-A9F6-FADF53CB606B}.Debug|Any CPU.ActiveCfg = Debug|Any CPU
		{00D18292-E8CE-4C67-A9F6-FADF53CB606B}.Debug|Any CPU.Build.0 = Debug|Any CPU
		{00D18292-E8CE-4C67-A9F6-FADF53CB606B}.Release|Any CPU.ActiveCfg = Release|Any CPU
		{00D18292-E8CE-4C67-A9F6-FADF53CB606B}.Release|Any CPU.Build.0 = Release|Any CPU
	EndGlobalSection
	GlobalSection(SolutionProperties) = preSolution
		HideSolutionNode = FALSE
	EndGlobalSection
	GlobalSection(ExtensibilityGlobals) = postSolution
		SolutionGuid = {99727790-7319-4488-9523-F15C9DCF65CE}
	EndGlobalSection
EndGlobal
