
Microsoft Visual Studio Solution File, Format Version 12.00
# Visual Studio Version 17
VisualStudioVersion = 17.13.35806.99 d17.13
MinimumVisualStudioVersion = 10.0.40219.1
Project("{FAE04EC0-301F-11D3-BF4B-00C04F79EFBC}") = "JURNALMODUL15_2311104061", "JURNALMODUL15_2311104061\JURNALMODUL15_2311104061.csproj", "{00186AA9-EDBD-4F64-AD9E-4D42EED40DC0}"
EndProject
Global
	GlobalSection(SolutionConfigurationPlatforms) = preSolution
		Debug|Any CPU = Debug|Any CPU
		Release|Any CPU = Release|Any CPU
	EndGlobalSection
	GlobalSection(ProjectConfigurationPlatforms) = postSolution
		{00186AA9-EDBD-4F64-AD9E-4D42EED40DC0}.Debug|Any CPU.ActiveCfg = Debug|Any CPU
		{00186AA9-EDBD-4F64-AD9E-4D42EED40DC0}.Debug|Any CPU.Build.0 = Debug|Any CPU
		{00186AA9-EDBD-4F64-AD9E-4D42EED40DC0}.Release|Any CPU.ActiveCfg = Release|Any CPU
		{00186AA9-EDBD-4F64-AD9E-4D42EED40DC0}.Release|Any CPU.Build.0 = Release|Any CPU
	EndGlobalSection
	GlobalSection(SolutionProperties) = preSolution
		HideSolutionNode = FALSE
	EndGlobalSection
	GlobalSection(ExtensibilityGlobals) = postSolution
		SolutionGuid = {7F63A1AD-0F77-4F38-8AF6-B48BDCA7EE08}
	EndGlobalSection
EndGlobal
